
Microsoft Visual Studio Solution File, Format Version 12.00
# Visual Studio Version 16
VisualStudioVersion = 16.0.32126.315
MinimumVisualStudioVersion = 10.0.40219.1
Project("{FAE04EC0-301F-11D3-BF4B-00C04F79EFBC}") = "DemoCreacionPreguntas", "DemoCreacionPreguntas\DemoCreacionPreguntas.csproj", "{843FF8DA-843E-4397-B1A3-7115D4D16094}"
EndProject
Project("{2150E333-8FDC-42A3-9474-1A3956D46DE8}") = "Presentacion", "Presentacion", "{34198654-EBD8-4A86-8CF2-AA40B94D7750}"
EndProject
Project("{2150E333-8FDC-42A3-9474-1A3956D46DE8}") = "Lógica", "Lógica", "{65BC6A97-BD76-4F4D-A661-601B4CD37857}"
	ProjectSection(SolutionItems) = preProject
		Quiz.cs = Quiz.cs
	EndProjectSection
EndProject
Project("{2150E333-8FDC-42A3-9474-1A3956D46DE8}") = "Persistencia", "Persistencia", "{9B994F96-9DCC-4EC0-84A6-62B53934D315}"
EndProject
Global
	GlobalSection(SolutionConfigurationPlatforms) = preSolution
		Debug|Any CPU = Debug|Any CPU
		Release|Any CPU = Release|Any CPU
	EndGlobalSection
	GlobalSection(ProjectConfigurationPlatforms) = postSolution
		{843FF8DA-843E-4397-B1A3-7115D4D16094}.Debug|Any CPU.ActiveCfg = Debug|Any CPU
		{843FF8DA-843E-4397-B1A3-7115D4D16094}.Debug|Any CPU.Build.0 = Debug|Any CPU
		{843FF8DA-843E-4397-B1A3-7115D4D16094}.Release|Any CPU.ActiveCfg = Release|Any CPU
		{843FF8DA-843E-4397-B1A3-7115D4D16094}.Release|Any CPU.Build.0 = Release|Any CPU
	EndGlobalSection
	GlobalSection(SolutionProperties) = preSolution
		HideSolutionNode = FALSE
	EndGlobalSection
	GlobalSection(NestedProjects) = preSolution
		{843FF8DA-843E-4397-B1A3-7115D4D16094} = {34198654-EBD8-4A86-8CF2-AA40B94D7750}
	EndGlobalSection
	GlobalSection(ExtensibilityGlobals) = postSolution
		SolutionGuid = {6B9EBEA1-7882-408F-B980-E1842A7106F7}
	EndGlobalSection
EndGlobal
